
Microsoft Visual Studio Solution File, Format Version 12.00
Project("{2150E333-8FDC-42A3-9474-1A3956D46DE8}") = "src", "src", "{364E8FE0-CA2E-4B59-9A34-0CAC75526EDD}"
EndProject
Project("{2150E333-8FDC-42A3-9474-1A3956D46DE8}") = "test", "test", "{D7A04C4D-707A-49D4-A498-3904036F58E5}"
EndProject
Project("{2150E333-8FDC-42A3-9474-1A3956D46DE8}") = "API", "API", "{5A7F49A1-28BD-4EED-9FBE-1A183E97097F}"
EndProject
Project("{2150E333-8FDC-42A3-9474-1A3956D46DE8}") = "Core", "Core", "{13139B7E-2D38-4F98-8BD7-C4C51C32B0ED}"
EndProject
Project("{2150E333-8FDC-42A3-9474-1A3956D46DE8}") = "Infrastructure", "Infrastructure", "{AA2A6503-65F6-4D95-863B-D5037F5A0D3C}"
EndProject
Project("{2150E333-8FDC-42A3-9474-1A3956D46DE8}") = "UI", "UI", "{8A201FCA-E0F1-44A0-92C8-4544A7DAF646}"
EndProject
Project("{FAE04EC0-301F-11D3-BF4B-00C04F79EFBC}") = "TicketManagement.Domain", "TicketManagement.Domain\TicketManagement.Domain.csproj", "{08272488-D179-4A90-A458-87EDBB8351E5}"
EndProject
Project("{FAE04EC0-301F-11D3-BF4B-00C04F79EFBC}") = "TicketManagement.Application", "TicketManagement.Application\TicketManagement.Application.csproj", "{3B10E0DC-0D9B-49B3-86D1-87518F86F099}"
EndProject
Global
	GlobalSection(SolutionConfigurationPlatforms) = preSolution
		Debug|Any CPU = Debug|Any CPU
		Release|Any CPU = Release|Any CPU
	EndGlobalSection
	GlobalSection(NestedProjects) = preSolution
		{5A7F49A1-28BD-4EED-9FBE-1A183E97097F} = {364E8FE0-CA2E-4B59-9A34-0CAC75526EDD}
		{13139B7E-2D38-4F98-8BD7-C4C51C32B0ED} = {364E8FE0-CA2E-4B59-9A34-0CAC75526EDD}
		{AA2A6503-65F6-4D95-863B-D5037F5A0D3C} = {364E8FE0-CA2E-4B59-9A34-0CAC75526EDD}
		{8A201FCA-E0F1-44A0-92C8-4544A7DAF646} = {364E8FE0-CA2E-4B59-9A34-0CAC75526EDD}
		{08272488-D179-4A90-A458-87EDBB8351E5} = {13139B7E-2D38-4F98-8BD7-C4C51C32B0ED}
		{3B10E0DC-0D9B-49B3-86D1-87518F86F099} = {13139B7E-2D38-4F98-8BD7-C4C51C32B0ED}
	EndGlobalSection
	GlobalSection(ProjectConfigurationPlatforms) = postSolution
		{08272488-D179-4A90-A458-87EDBB8351E5}.Debug|Any CPU.ActiveCfg = Debug|Any CPU
		{08272488-D179-4A90-A458-87EDBB8351E5}.Debug|Any CPU.Build.0 = Debug|Any CPU
		{08272488-D179-4A90-A458-87EDBB8351E5}.Release|Any CPU.ActiveCfg = Release|Any CPU
		{08272488-D179-4A90-A458-87EDBB8351E5}.Release|Any CPU.Build.0 = Release|Any CPU
		{3B10E0DC-0D9B-49B3-86D1-87518F86F099}.Debug|Any CPU.ActiveCfg = Debug|Any CPU
		{3B10E0DC-0D9B-49B3-86D1-87518F86F099}.Debug|Any CPU.Build.0 = Debug|Any CPU
		{3B10E0DC-0D9B-49B3-86D1-87518F86F099}.Release|Any CPU.ActiveCfg = Release|Any CPU
		{3B10E0DC-0D9B-49B3-86D1-87518F86F099}.Release|Any CPU.Build.0 = Release|Any CPU
	EndGlobalSection
EndGlobal
